// !$*UTF8*$!
{
	archiveVersion = 1;
	classes = {
	};
	objectVersion = 46;
	objects = {

/* Begin PBXBuildFile section */
		B00CB4831DA2A7F500174E6F /* AppDelegate.swift in Sources */ = {isa = PBXBuildFile; fileRef = B00CB4821DA2A7F500174E6F /* AppDelegate.swift */; };
		B00CB4881DA2A7F500174E6F /* Main.storyboard in Resources */ = {isa = PBXBuildFile; fileRef = B00CB4861DA2A7F500174E6F /* Main.storyboard */; };
		B00CB48A1DA2A7F500174E6F /* Assets.xcassets in Resources */ = {isa = PBXBuildFile; fileRef = B00CB4891DA2A7F500174E6F /* Assets.xcassets */; };
		B00CB48D1DA2A7F500174E6F /* LaunchScreen.storyboard in Resources */ = {isa = PBXBuildFile; fileRef = B00CB48B1DA2A7F500174E6F /* LaunchScreen.storyboard */; };
		B00CB4951DA3497000174E6F /* ImageCropperViewController.swift in Sources */ = {isa = PBXBuildFile; fileRef = B00CB4941DA3497000174E6F /* ImageCropperViewController.swift */; };
/* End PBXBuildFile section */

/* Begin PBXFileReference section */
		B00CB47F1DA2A7F500174E6F /* ImageCropper.app */ = {isa = PBXFileReference; explicitFileType = wrapper.application; includeInIndex = 0; path = ImageCropper.app; sourceTree = BUILT_PRODUCTS_DIR; };
		B00CB4821DA2A7F500174E6F /* AppDelegate.swift */ = {isa = PBXFileReference; lastKnownFileType = sourcecode.swift; path = AppDelegate.swift; sourceTree = "<group>"; };
		B00CB4871DA2A7F500174E6F /* Base */ = {isa = PBXFileReference; lastKnownFileType = file.storyboard; name = Base; path = Base.lproj/Main.storyboard; sourceTree = "<group>"; };
		B00CB4891DA2A7F500174E6F /* Assets.xcassets */ = {isa = PBXFileReference; lastKnownFileType = folder.assetcatalog; path = Assets.xcassets; sourceTree = "<group>"; };
		B00CB48C1DA2A7F500174E6F /* Base */ = {isa = PBXFileReference; lastKnownFileType = file.storyboard; name = Base; path = Base.lproj/LaunchScreen.storyboard; sourceTree = "<group>"; };
		B00CB48E1DA2A7F500174E6F /* Info.plist */ = {isa = PBXFileReference; lastKnownFileType = text.plist.xml; path = Info.plist; sourceTree = "<group>"; };
		B00CB4941DA3497000174E6F /* ImageCropperViewController.swift */ = {isa = PBXFileReference; fileEncoding = 4; lastKnownFileType = sourcecode.swift; path = ImageCropperViewController.swift; sourceTree = "<group>"; };
/* End PBXFileReference section */

/* Begin PBXFrameworksBuildPhase section */
		B00CB47C1DA2A7F500174E6F /* Frameworks */ = {
			isa = PBXFrameworksBuildPhase;
			buildActionMask = 2147483647;
			files = (
			);
			runOnlyForDeploymentPostprocessing = 0;
		};
/* End PBXFrameworksBuildPhase section */

/* Begin PBXGroup section */
		B00CB4761DA2A7F500174E6F = {
			isa = PBXGroup;
			children = (
				B00CB4811DA2A7F500174E6F /* ImageCropper */,
				B00CB4801DA2A7F500174E6F /* Products */,
			);
			sourceTree = "<group>";
		};
		B00CB4801DA2A7F500174E6F /* Products */ = {
			isa = PBXGroup;
			children = (
				B00CB47F1DA2A7F500174E6F /* ImageCropper.app */,
			);
			name = Products;
			sourceTree = "<group>";
		};
		B00CB4811DA2A7F500174E6F /* ImageCropper */ = {
			isa = PBXGroup;
			children = (
				B00CB4821DA2A7F500174E6F /* AppDelegate.swift */,
				B00CB4861DA2A7F500174E6F /* Main.storyboard */,
				B00CB4891DA2A7F500174E6F /* Assets.xcassets */,
				B00CB48B1DA2A7F500174E6F /* LaunchScreen.storyboard */,
				B00CB48E1DA2A7F500174E6F /* Info.plist */,
				B00CB4941DA3497000174E6F /* ImageCropperViewController.swift */,
			);
			path = ImageCropper;
			sourceTree = "<group>";
		};
/* End PBXGroup section */

/* Begin PBXNativeTarget section */
		B00CB47E1DA2A7F500174E6F /* ImageCropper */ = {
			isa = PBXNativeTarget;
			buildConfigurationList = B00CB4911DA2A7F500174E6F /* Build configuration list for PBXNativeTarget "ImageCropper" */;
			buildPhases = (
				B00CB47B1DA2A7F500174E6F /* Sources */,
				B00CB47C1DA2A7F500174E6F /* Frameworks */,
				B00CB47D1DA2A7F500174E6F /* Resources */,
			);
			buildRules = (
			);
			dependencies = (
			);
			name = ImageCropper;
			productName = ImageCropper;
			productReference = B00CB47F1DA2A7F500174E6F /* ImageCropper.app */;
			productType = "com.apple.product-type.application";
		};
/* End PBXNativeTarget section */

/* Begin PBXProject section */
		B00CB4771DA2A7F500174E6F /* Project object */ = {
			isa = PBXProject;
			attributes = {
				LastSwiftUpdateCheck = 0800;
				LastUpgradeCheck = 0800;
				ORGANIZATIONNAME = iOSHub;
				TargetAttributes = {
					B00CB47E1DA2A7F500174E6F = {
						CreatedOnToolsVersion = 8.0;
						DevelopmentTeam = 35XHE3HKJV;
						ProvisioningStyle = Automatic;
					};
				};
			};
			buildConfigurationList = B00CB47A1DA2A7F500174E6F /* Build configuration list for PBXProject "ImageCropper" */;
			compatibilityVersion = "Xcode 3.2";
			developmentRegion = English;
			hasScannedForEncodings = 0;
			knownRegions = (
				en,
				Base,
			);
			mainGroup = B00CB4761DA2A7F500174E6F;
			productRefGroup = B00CB4801DA2A7F500174E6F /* Products */;
			projectDirPath = "";
			projectRoot = "";
			targets = (
				B00CB47E1DA2A7F500174E6F /* ImageCropper */,
			);
		};
/* End PBXProject section */

/* Begin PBXResourcesBuildPhase section */
		B00CB47D1DA2A7F500174E6F /* Resources */ = {
			isa = PBXResourcesBuildPhase;
			buildActionMask = 2147483647;
			files = (
				B00CB48D1DA2A7F500174E6F /* LaunchScreen.storyboard in Resources */,
				B00CB48A1DA2A7F500174E6F /* Assets.xcassets in Resources */,
				B00CB4881DA2A7F500174E6F /* Main.storyboard in Resources */,
			);
			runOnlyForDeploymentPostprocessing = 0;
		};
/* End PBXResourcesBuildPhase section */

/* Begin PBXSourcesBuildPhase section */
		B00CB47B1DA2A7F500174E6F /* Sources */ = {
			isa = PBXSourcesBuildPhase;
			buildActionMask = 2147483647;
			files = (
				B00CB4951DA3497000174E6F /* ImageCropperViewController.swift in Sources */,
				B00CB4831DA2A7F500174E6F /* AppDelegate.swift in Sources */,
			);
			runOnlyForDeploymentPostprocessing = 0;
		};
/* End PBXSourcesBuildPhase section */

/* Begin PBXVariantGroup section */
		B00CB4861DA2A7F500174E6F /* Main.storyboard */ = {
			isa = PBXVariantGroup;
			children = (
				B00CB4871DA2A7F500174E6F /* Base */,
			);
			name = Main.storyboard;
			sourceTree = "<group>";
		};
		B00CB48B1DA2A7F500174E6F /* LaunchScreen.storyboard */ = {
			isa = PBXVariantGroup;
			children = (
				B00CB48C1DA2A7F500174E6F /* Base */,
			);
			name = LaunchScreen.storyboard;
			sourceTree = "<group>";
		};
/* End PBXVariantGroup section */

/* Begin XCBuildConfiguration section */
		B00CB48F1DA2A7F500174E6F /* Debug */ = {
			isa = XCBuildConfiguration;
			buildSettings = {
				ALWAYS_SEARCH_USER_PATHS = NO;
				CLANG_ANALYZER_NONNULL = YES;
				CLANG_CXX_LANGUAGE_STANDARD = "gnu++0x";
				CLANG_CXX_LIBRARY = "libc++";
				CLANG_ENABLE_MODULES = YES;
				CLANG_ENABLE_OBJC_ARC = YES;
				CLANG_WARN_BOOL_CONVERSION = YES;
				CLANG_WARN_CONSTANT_CONVERSION = YES;
				CLANG_WARN_DIRECT_OBJC_ISA_USAGE = YES_ERROR;
				CLANG_WARN_DOCUMENTATION_COMMENTS = YES;
				CLANG_WARN_EMPTY_BODY = YES;
				CLANG_WARN_ENUM_CONVERSION = YES;
				CLANG_WARN_INFINITE_RECURSION = YES;
				CLANG_WARN_INT_CONVERSION = YES;
				CLANG_WARN_OBJC_ROOT_CLASS = YES_ERROR;
				CLANG_WARN_SUSPICIOUS_MOVES = YES;
				CLANG_WARN_UNREACHABLE_CODE = YES;
				CLANG_WARN__DUPLICATE_METHOD_MATCH = YES;
				"CODE_SIGN_IDENTITY[sdk=iphoneos*]" = "iPhone Developer";
				COPY_PHASE_STRIP = NO;
				DEBUG_INFORMATION_FORMAT = dwarf;
				ENABLE_STRICT_OBJC_MSGSEND = YES;
				ENABLE_TESTABILITY = YES;
				GCC_C_LANGUAGE_STANDARD = gnu99;
				GCC_DYNAMIC_NO_PIC = NO;
				GCC_NO_COMMON_BLOCKS = YES;
				GCC_OPTIMIZATION_LEVEL = 0;
				GCC_PREPROCESSOR_DEFINITIONS = (
					"DEBUG=1",
					"$(inherited)",
				);
				GCC_WARN_64_TO_32_BIT_CONVERSION = YES;
				GCC_WARN_ABOUT_RETURN_TYPE = YES_ERROR;
				GCC_WARN_UNDECLARED_SELECTOR = YES;
				GCC_WARN_UNINITIALIZED_AUTOS = YES_AGGRESSIVE;
				GCC_WARN_UNUSED_FUNCTION = YES;
				GCC_WARN_UNUSED_VARIABLE = YES;
				IPHONEOS_DEPLOYMENT_TARGET = 10.0;
				MTL_ENABLE_DEBUG_INFO = YES;
				ONLY_ACTIVE_ARCH = YES;
				SDKROOT = iphoneos;
				SWIFT_ACTIVE_COMPILATION_CONDITIONS = DEBUG;
				SWIFT_OPTIMIZATION_LEVEL = "-Onone";
			};
			name = Debug;
		};
		B00CB4901DA2A7F500174E6F /* Release */ = {
			isa = XCBuildConfiguration;
			buildSettings = {
				ALWAYS_SEARCH_USER_PATHS = NO;
				CLANG_ANALYZER_NONNULL = YES;
				CLANG_CXX_LANGUAGE_STANDARD = "gnu++0x";
				CLANG_CXX_LIBRARY = "libc++";
				CLANG_ENABLE_MODULES = YES;
				CLANG_ENABLE_OBJC_ARC = YES;
				CLANG_WARN_BOOL_CONVERSION = YES;
				CLANG_WARN_CONSTANT_CONVERSION = YES;
				CLANG_WARN_DIRECT_OBJC_ISA_USAGE = YES_ERROR;
				CLANG_WARN_DOCUMENTATION_COMMENTS = YES;
				CLANG_WARN_EMPTY_BODY = YES;
				CLANG_WARN_ENUM_CONVERSION = YES;
				CLANG_WARN_INFINITE_RECURSION = YES;
				CLANG_WARN_INT_CONVERSION = YES;
				CLANG_WARN_OBJC_ROOT_CLASS = YES_ERROR;
				CLANG_WARN_SUSPICIOUS_MOVES = YES;
				CLANG_WARN_UNREACHABLE_CODE = YES;
				CLANG_WARN__DUPLICATE_METHOD_MATCH = YES;
				"CODE_SIGN_IDENTITY[sdk=iphoneos*]" = "iPhone Developer";
				COPY_PHASE_STRIP = NO;
				DEBUG_INFORMATION_FORMAT = "dwarf-with-dsym";
				ENABLE_NS_ASSERTIONS = NO;
				ENABLE_STRICT_OBJC_MSGSEND = YES;
				GCC_C_LANGUAGE_STANDARD = gnu99;
				GCC_NO_COMMON_BLOCKS = YES;
				GCC_WARN_64_TO_32_BIT_CONVERSION = YES;
				GCC_WARN_ABOUT_RETURN_TYPE = YES_ERROR;
				GCC_WARN_UNDECLARED_SELECTOR = YES;
				GCC_WARN_UNINITIALIZED_AUTOS = YES_AGGRESSIVE;
				GCC_WARN_UNUSED_FUNCTION = YES;
				GCC_WARN_UNUSED_VARIABLE = YES;
				IPHONEOS_DEPLOYMENT_TARGET = 10.0;
				MTL_ENABLE_DEBUG_INFO = NO;
				SDKROOT = iphoneos;
				SWIFT_OPTIMIZATION_LEVEL = "-Owholemodule";
				VALIDATE_PRODUCT = YES;
			};
			name = Release;
		};
		B00CB4921DA2A7F500174E6F /* Debug */ = {
			isa = XCBuildConfiguration;
			buildSettings = {
				ASSETCATALOG_COMPILER_APPICON_NAME = AppIcon;
				DEVELOPMENT_TEAM = 35XHE3HKJV;
				INFOPLIST_FILE = ImageCropper/Info.plist;
				LD_RUNPATH_SEARCH_PATHS = "$(inherited) @executable_path/Frameworks";
				PRODUCT_BUNDLE_IDENTIFIER = io.iOSHub.ImageCropper;
				PRODUCT_NAME = "$(TARGET_NAME)";
				SWIFT_VERSION = 3.0;
			};
			name = Debug;
		};
		B00CB4931DA2A7F500174E6F /* Release */ = {
			isa = XCBuildConfiguration;
			buildSettings = {
				ASSETCATALOG_COMPILER_APPICON_NAME = AppIcon;
				DEVELOPMENT_TEAM = 35XHE3HKJV;
				INFOPLIST_FILE = ImageCropper/Info.plist;
				LD_RUNPATH_SEARCH_PATHS = "$(inherited) @executable_path/Frameworks";
				PRODUCT_BUNDLE_IDENTIFIER = io.iOSHub.ImageCropper;
				PRODUCT_NAME = "$(TARGET_NAME)";
				SWIFT_VERSION = 3.0;
			};
			name = Release;
		};
/* End XCBuildConfiguration section */

/* Begin XCConfigurationList section */
		B00CB47A1DA2A7F500174E6F /* Build configuration list for PBXProject "ImageCropper" */ = {
			isa = XCConfigurationList;
			buildConfigurations = (
				B00CB48F1DA2A7F500174E6F /* Debug */,
				B00CB4901DA2A7F500174E6F /* Release */,
			);
			defaultConfigurationIsVisible = 0;
			defaultConfigurationName = Release;
		};
		B00CB4911DA2A7F500174E6F /* Build configuration list for PBXNativeTarget "ImageCropper" */ = {
			isa = XCConfigurationList;
			buildConfigurations = (
				B00CB4921DA2A7F500174E6F /* Debug */,
				B00CB4931DA2A7F500174E6F /* Release */,
			);
			defaultConfigurationIsVisible = 0;
		};
/* End XCConfigurationList section */
	};
	rootObject = B00CB4771DA2A7F500174E6F /* Project object */;
}
